
Microsoft Visual Studio Solution File, Format Version 12.00
# Visual Studio Version 17
VisualStudioVersion = 17.11.35312.102
MinimumVisualStudioVersion = 10.0.40219.1
Project("{8BC9CEB8-8B4A-11D0-8D11-00A0C91BC942}") = "2024-12-17", "2024-12-17\2024-12-17.vcxproj", "{5A1E53CA-5C4D-48F7-9BA2-2C5F9DBB80F1}"
EndProject
Global
	GlobalSection(SolutionConfigurationPlatforms) = preSolution
		Debug|x64 = Debug|x64
		Debug|x86 = Debug|x86
		Release|x64 = Release|x64
		Release|x86 = Release|x86
	EndGlobalSection
	GlobalSection(ProjectConfigurationPlatforms) = postSolution
		{5A1E53CA-5C4D-48F7-9BA2-2C5F9DBB80F1}.Debug|x64.ActiveCfg = Debug|x64
		{5A1E53CA-5C4D-48F7-9BA2-2C5F9DBB80F1}.Debug|x64.Build.0 = Debug|x64
		{5A1E53CA-5C4D-48F7-9BA2-2C5F9DBB80F1}.Debug|x86.ActiveCfg = Debug|Win32
		{5A1E53CA-5C4D-48F7-9BA2-2C5F9DBB80F1}.Debug|x86.Build.0 = Debug|Win32
		{5A1E53CA-5C4D-48F7-9BA2-2C5F9DBB80F1}.Release|x64.ActiveCfg = Release|x64
		{5A1E53CA-5C4D-48F7-9BA2-2C5F9DBB80F1}.Release|x64.Build.0 = Release|x64
		{5A1E53CA-5C4D-48F7-9BA2-2C5F9DBB80F1}.Release|x86.ActiveCfg = Release|Win32
		{5A1E53CA-5C4D-48F7-9BA2-2C5F9DBB80F1}.Release|x86.Build.0 = Release|Win32
	EndGlobalSection
	GlobalSection(SolutionProperties) = preSolution
		HideSolutionNode = FALSE
	EndGlobalSection
	GlobalSection(ExtensibilityGlobals) = postSolution
		SolutionGuid = {B2F67583-454A-44CD-9726-C94C9781E931}
	EndGlobalSection
EndGlobal
